<?xml version="1.0" encoding="utf-8"?>
<Project ToolsVersion="4.0" xmlns="http://schemas.microsoft.com/developer/msbuild/2003">
  <ItemGroup>
    <Filter Include="Source Files">
      <UniqueIdentifier>{4FC737F1-C7A5-4376-A066-2A32D752A2FF}</UniqueIdentifier>
      <Extensions>cpp;c;cc;cxx;c++;cppm;ixx;def;odl;idl;hpj;bat;asm;asmx</Extensions>
    </Filter>
    <Filter Include="Header Files">
      <UniqueIdentifier>{93995380-89BD-4b04-88EB-625FBE52EBFB}</UniqueIdentifier>
      <Extensions>h;hh;hpp;hxx;h++;hm;inl;inc;ipp;xsd</Extensions>
    </Filter>
    <Filter Include="Resource Files">
      <UniqueIdentifier>{67DA6AB6-F800-4c08-8B7A-83BB121AAD01}</UniqueIdentifier>
      <Extensions>rc;ico;cur;bmp;dlg;rc2;rct;bin;rgs;gif;jpg;jpeg;jpe;resx;tiff;tif;png;wav;mfcribbon-ms</Extensions>
    </Filter>
    <Filter Include="Source Files\Materials">
      <UniqueIdentifier>{354a6a32-dca3-4d6e-ad31-44c15f83546f}</UniqueIdentifier>
    </Filter>
    <Filter Include="Header Files\Materials">
      <UniqueIdentifier>{69beee01-f01c-457a-89be-df9d3b9dfc11}</UniqueIdentifier>
    </Filter>
    <Filter Include="Header Files\Geometry">
      <UniqueIdentifier>{d7f0fee1-0143-425c-b9d7-e67238b5430e}</UniqueIdentifier>
    </Filter>
    <Filter Include="Source Files\Geometry">
      <UniqueIdentifier>{23d95d2f-10a9-4854-98e8-2f2f95211baa}</UniqueIdentifier>
    </Filter>
    <Filter Include="Header Files\Utilities">
      <UniqueIdentifier>{0bba3b27-b621-4f9e-911e-8bc202d6b1c4}</UniqueIdentifier>
    </Filter>
    <Filter Include="Source Files\Utilities">
      <UniqueIdentifier>{0b7a9877-6016-4984-9b1c-174fc78c5375}</UniqueIdentifier>
    </Filter>
    <Filter Include="Source Files\Textures">
      <UniqueIdentifier>{94833d42-410d-421a-a865-e9dc45b529e8}</UniqueIdentifier>
    </Filter>
    <Filter Include="Header Files\Textures">
      <UniqueIdentifier>{63a63a36-5f31-4496-82c2-c494e2231464}</UniqueIdentifier>
    </Filter>
    <Filter Include="Header Files\Rays">
      <UniqueIdentifier>{252a9686-7e7a-44e3-9484-a4e450afb78f}</UniqueIdentifier>
    </Filter>
    <Filter Include="Source Files\Rays">
      <UniqueIdentifier>{ff7513be-a3b7-4938-8f06-859c766888d1}</UniqueIdentifier>
    </Filter>
    <Filter Include="EasyBMP">
      <UniqueIdentifier>{74f565f1-5d76-40ad-899d-30ae59eaa444}</UniqueIdentifier>
    </Filter>
  </ItemGroup>
  <ItemGroup>
    <ClCompile Include="src\main.cpp">
      <Filter>Source Files</Filter>
    </ClCompile>
    <ClCompile Include="src\Camera.cpp">
      <Filter>Source Files</Filter>
    </ClCompile>
    <ClCompile Include="src\Vec3.cpp">
      <Filter>Source Files</Filter>
    </ClCompile>
    <ClCompile Include="src\Lambertian.cpp">
      <Filter>Source Files\Materials</Filter>
    </ClCompile>
    <ClCompile Include="src\Metal.cpp">
      <Filter>Source Files\Materials</Filter>
    </ClCompile>
    <ClCompile Include="src\LommelSeeliger.cpp">
      <Filter>Source Files\Materials</Filter>
    </ClCompile>
    <ClCompile Include="src\ImproperLambert.cpp">
      <Filter>Source Files\Materials</Filter>
    </ClCompile>
    <ClCompile Include="src\Dielectric.cpp">
      <Filter>Source Files\Materials</Filter>
    </ClCompile>
    <ClCompile Include="src\HittableList.cpp">
      <Filter>Source Files\Geometry</Filter>
    </ClCompile>
    <ClCompile Include="src\Sphere.cpp">
      <Filter>Source Files\Geometry</Filter>
    </ClCompile>
    <ClCompile Include="src\MovingSphere.cpp">
      <Filter>Source Files\Geometry</Filter>
    </ClCompile>
    <ClCompile Include="src\Vec3Util.cpp">
      <Filter>Source Files\Utilities</Filter>
    </ClCompile>
    <ClCompile Include="src\SceneUtil.cpp">
      <Filter>Source Files\Utilities</Filter>
    </ClCompile>
    <ClCompile Include="src\RayColorUtil.cpp">
      <Filter>Source Files\Utilities</Filter>
    </ClCompile>
    <ClCompile Include="src\ColorUtil.cpp">
      <Filter>Source Files\Utilities</Filter>
    </ClCompile>
    <ClCompile Include="src\SolidColor.cpp">
      <Filter>Source Files\Textures</Filter>
    </ClCompile>
    <ClCompile Include="src\ImageTexture.cpp">
      <Filter>Source Files\Textures</Filter>
    </ClCompile>
    <ClCompile Include="src\DiffuseLight.cpp">
      <Filter>Source Files\Materials</Filter>
    </ClCompile>
    <ClCompile Include="src\Isotropic.cpp">
      <Filter>Source Files\Materials</Filter>
    </ClCompile>
    <ClCompile Include="src\LunarLambert.cpp">
      <Filter>Source Files\Materials</Filter>
    </ClCompile>
    <ClCompile Include="src\Minnaert.cpp">
      <Filter>Source Files\Materials</Filter>
    </ClCompile>
    <ClCompile Include="src\Hapke.cpp">
      <Filter>Source Files\Materials</Filter>
    </ClCompile>
    <ClCompile Include="src\PhaseFunctionsUtils.cpp">
      <Filter>Source Files\Utilities</Filter>
    </ClCompile>
    <ClCompile Include="src\Skybox.cpp">
      <Filter>Source Files\Geometry</Filter>
    </ClCompile>
    <ClCompile Include="src\Ray.cpp">
      <Filter>Source Files\Rays</Filter>
    </ClCompile>
    <ClCompile Include="extern\EasyBMP\EasyBMP.cpp">
      <Filter>EasyBMP</Filter>
    </ClCompile>
  </ItemGroup>
  <ItemGroup>
    <ClInclude Include="src\resource.h">
      <Filter>Header Files</Filter>
    </ClInclude>
    <ClInclude Include="src\Vec3.h">
      <Filter>Header Files</Filter>
    </ClInclude>
    <ClInclude Include="src\Dielectric.h">
      <Filter>Header Files\Materials</Filter>
    </ClInclude>
    <ClInclude Include="src\ImproperLambert.h">
      <Filter>Header Files\Materials</Filter>
    </ClInclude>
    <ClInclude Include="src\Lambertian.h">
      <Filter>Header Files\Materials</Filter>
    </ClInclude>
    <ClInclude Include="src\LommelSeeliger.h">
      <Filter>Header Files\Materials</Filter>
    </ClInclude>
    <ClInclude Include="src\Material.h">
      <Filter>Header Files\Materials</Filter>
    </ClInclude>
    <ClInclude Include="src\Metal.h">
      <Filter>Header Files\Materials</Filter>
    </ClInclude>
    <ClInclude Include="src\MovingSphere.h">
      <Filter>Header Files\Geometry</Filter>
    </ClInclude>
    <ClInclude Include="src\Sphere.h">
      <Filter>Header Files\Geometry</Filter>
    </ClInclude>
    <ClInclude Include="src\Hittable.h">
      <Filter>Header Files\Geometry</Filter>
    </ClInclude>
    <ClInclude Include="src\HittableList.h">
      <Filter>Header Files\Geometry</Filter>
    </ClInclude>
    <ClInclude Include="src\ColorUtil.h">
      <Filter>Header Files\Utilities</Filter>
    </ClInclude>
    <ClInclude Include="src\RayColorUtil.h">
      <Filter>Header Files\Utilities</Filter>
    </ClInclude>
    <ClInclude Include="src\RTUtil.h">
      <Filter>Header Files\Utilities</Filter>
    </ClInclude>
    <ClInclude Include="src\SceneUtil.h">
      <Filter>Header Files\Utilities</Filter>
    </ClInclude>
    <ClInclude Include="src\Vec3Util.h">
      <Filter>Header Files\Utilities</Filter>
    </ClInclude>
    <ClInclude Include="src\Texture.h">
      <Filter>Header Files\Textures</Filter>
    </ClInclude>
    <ClInclude Include="src\SolidColor.h">
      <Filter>Header Files\Textures</Filter>
    </ClInclude>
    <ClInclude Include="src\pl_stb_image.h">
      <Filter>Header Files\Textures</Filter>
    </ClInclude>
    <ClInclude Include="src\ImageTexture.h">
      <Filter>Header Files\Textures</Filter>
    </ClInclude>
    <ClInclude Include="src\DiffuseLight.h">
      <Filter>Header Files\Materials</Filter>
    </ClInclude>
    <ClInclude Include="src\Isotropic.h">
      <Filter>Header Files\Materials</Filter>
    </ClInclude>
    <ClInclude Include="src\LunarLambert.h">
      <Filter>Header Files\Materials</Filter>
    </ClInclude>
    <ClInclude Include="src\Minnaert.h">
      <Filter>Header Files\Materials</Filter>
    </ClInclude>
    <ClInclude Include="src\PhaseFunctionsUtils.h">
      <Filter>Header Files\Utilities</Filter>
    </ClInclude>
    <ClInclude Include="src\Hapke.h">
      <Filter>Header Files\Materials</Filter>
    </ClInclude>
    <ClInclude Include="src\Skybox.h">
      <Filter>Header Files\Geometry</Filter>
    </ClInclude>
    <ClInclude Include="src\Ray.h">
      <Filter>Header Files\Rays</Filter>
    </ClInclude>
    <ClInclude Include="src\Camera.h">
      <Filter>Header Files</Filter>
    </ClInclude>
    <ClInclude Include="src\FileResources.h">
    <ClInclude Include="extern\EasyBMP\EasyBMP.h">
      <Filter>EasyBMP</Filter>
    </ClInclude>
    <ClInclude Include="extern\EasyBMP\EasyBMP_BMP.h">
      <Filter>EasyBMP</Filter>
    </ClInclude>
    <ClInclude Include="extern\EasyBMP\EasyBMP_DataStructures.h">
      <Filter>EasyBMP</Filter>
    </ClInclude>
    <ClInclude Include="extern\EasyBMP\EasyBMP_VariousBMPutilities.h">
      <Filter>EasyBMP</Filter>
      <Filter>Resource Files</Filter>
    </ClInclude>
    <ClInclude Include="src\Config.h">
    </ClInclude>
    <ClInclude Include="extern\EasyBMP\EasyBMP.h">
      <Filter>EasyBMP</Filter>
    </ClInclude>
    <ClInclude Include="extern\EasyBMP\EasyBMP_BMP.h">
      <Filter>EasyBMP</Filter>
    </ClInclude>
    <ClInclude Include="extern\EasyBMP\EasyBMP_DataStructures.h">
      <Filter>EasyBMP</Filter>
    </ClInclude>
    <ClInclude Include="extern\EasyBMP\EasyBMP_VariousBMPutilities.h">
      <Filter>EasyBMP</Filter>
    </ClInclude>
  </ItemGroup>
  <ItemGroup>
    <ResourceCompile Include="PostLambert.rc">
      <Filter>Resource Files</Filter>
    </ResourceCompile>
  </ItemGroup>
</Project>